Microsoft Visual Studio Solution File, Format Version 12.00
# Visual Studio 2012
Project("{FAE04EC0-301F-11D3-BF4B-00C04F79EFBC}") = "RR_Godot", "RR_Godot.csproj", "{1323C7EA-65BB-47F0-9488-376295EA76D7}"
EndProject
Project("{2150E333-8FDC-42A3-9474-1A3956D46DE8}") = "src", "src", "{B3F3380E-70F9-4CB8-A5CA-4F1F161A1924}"
EndProject
Project("{FAE04EC0-301F-11D3-BF4B-00C04F79EFBC}") = "Geometry", "src\Core\Geometry\Geometry.csproj", "{46920EB6-346A-4B0E-8FAC-7A5A73118D9C}"
EndProject
Project("{FAE04EC0-301F-11D3-BF4B-00C04F79EFBC}") = "Plugins", "src\Core\Plugins\Plugins.csproj", "{3FD630CB-5F60-4F04-B82E-12CFBD57636A}"
EndProject
Project("{FAE04EC0-301F-11D3-BF4B-00C04F79EFBC}") = "Core", "src\Core\Core.csproj", "{17E4A418-559C-4055-820A-A8AE3DD89B07}"
EndProject
Global
	GlobalSection(NestedProjects) = preSolution
		{46920EB6-346A-4B0E-8FAC-7A5A73118D9C} = {17E4A418-559C-4055-820A-A8AE3DD89B07}
		{3FD630CB-5F60-4F04-B82E-12CFBD57636A} = {17E4A418-559C-4055-820A-A8AE3DD89B07}
		{17E4A418-559C-4055-820A-A8AE3DD89B07} = {B3F3380E-70F9-4CB8-A5CA-4F1F161A1924}
	EndGlobalSection
	GlobalSection(SolutionConfigurationPlatforms) = preSolution
		Debug|Any CPU = Debug|Any CPU
		Debug|x64 = Debug|x64
		Debug|x86 = Debug|x86
		Release|Any CPU = Release|Any CPU
		Release|x64 = Release|x64
		Release|x86 = Release|x86
		Tools|Any CPU = Tools|Any CPU
	EndGlobalSection
	GlobalSection(ProjectConfigurationPlatforms) = postSolution
		{1323C7EA-65BB-47F0-9488-376295EA76D7}.Debug|Any CPU.ActiveCfg = Debug|Any CPU
		{1323C7EA-65BB-47F0-9488-376295EA76D7}.Debug|Any CPU.Build.0 = Debug|Any CPU
		{1323C7EA-65BB-47F0-9488-376295EA76D7}.Debug|x64.ActiveCfg = Debug|Any CPU
		{1323C7EA-65BB-47F0-9488-376295EA76D7}.Debug|x64.Build.0 = Debug|Any CPU
		{1323C7EA-65BB-47F0-9488-376295EA76D7}.Debug|x86.ActiveCfg = Debug|Any CPU
		{1323C7EA-65BB-47F0-9488-376295EA76D7}.Debug|x86.Build.0 = Debug|Any CPU
		{1323C7EA-65BB-47F0-9488-376295EA76D7}.Release|Any CPU.ActiveCfg = Debug|Any CPU
		{1323C7EA-65BB-47F0-9488-376295EA76D7}.Release|Any CPU.Build.0 = Debug|Any CPU
		{1323C7EA-65BB-47F0-9488-376295EA76D7}.Release|x64.ActiveCfg = Debug|Any CPU
		{1323C7EA-65BB-47F0-9488-376295EA76D7}.Release|x64.Build.0 = Debug|Any CPU
		{1323C7EA-65BB-47F0-9488-376295EA76D7}.Release|x86.ActiveCfg = Debug|Any CPU
		{1323C7EA-65BB-47F0-9488-376295EA76D7}.Release|x86.Build.0 = Debug|Any CPU
		{1323C7EA-65BB-47F0-9488-376295EA76D7}.Tools|Any CPU.ActiveCfg = Tools|Any CPU
		{1323C7EA-65BB-47F0-9488-376295EA76D7}.Tools|Any CPU.Build.0 = Tools|Any CPU
		{46920EB6-346A-4B0E-8FAC-7A5A73118D9C}.Debug|Any CPU.ActiveCfg = Debug|Any CPU
		{46920EB6-346A-4B0E-8FAC-7A5A73118D9C}.Debug|Any CPU.Build.0 = Debug|Any CPU
		{46920EB6-346A-4B0E-8FAC-7A5A73118D9C}.Debug|x64.ActiveCfg = Debug|Any CPU
		{46920EB6-346A-4B0E-8FAC-7A5A73118D9C}.Debug|x64.Build.0 = Debug|Any CPU
		{46920EB6-346A-4B0E-8FAC-7A5A73118D9C}.Debug|x86.ActiveCfg = Debug|Any CPU
		{46920EB6-346A-4B0E-8FAC-7A5A73118D9C}.Debug|x86.Build.0 = Debug|Any CPU
		{46920EB6-346A-4B0E-8FAC-7A5A73118D9C}.Release|Any CPU.ActiveCfg = Debug|Any CPU
		{46920EB6-346A-4B0E-8FAC-7A5A73118D9C}.Release|Any CPU.Build.0 = Debug|Any CPU
		{46920EB6-346A-4B0E-8FAC-7A5A73118D9C}.Release|x64.ActiveCfg = Debug|Any CPU
		{46920EB6-346A-4B0E-8FAC-7A5A73118D9C}.Release|x64.Build.0 = Debug|Any CPU
		{46920EB6-346A-4B0E-8FAC-7A5A73118D9C}.Release|x86.ActiveCfg = Debug|Any CPU
		{46920EB6-346A-4B0E-8FAC-7A5A73118D9C}.Release|x86.Build.0 = Debug|Any CPU
		{46920EB6-346A-4B0E-8FAC-7A5A73118D9C}.Tools|Any CPU.ActiveCfg = Tools|Any CPU
		{46920EB6-346A-4B0E-8FAC-7A5A73118D9C}.Tools|Any CPU.Build.0 = Tools|Any CPU
		{3FD630CB-5F60-4F04-B82E-12CFBD57636A}.Debug|Any CPU.ActiveCfg = Debug|Any CPU
		{3FD630CB-5F60-4F04-B82E-12CFBD57636A}.Debug|Any CPU.Build.0 = Debug|Any CPU
		{3FD630CB-5F60-4F04-B82E-12CFBD57636A}.Debug|x64.ActiveCfg = Debug|Any CPU
		{3FD630CB-5F60-4F04-B82E-12CFBD57636A}.Debug|x64.Build.0 = Debug|Any CPU
		{3FD630CB-5F60-4F04-B82E-12CFBD57636A}.Debug|x86.ActiveCfg = Debug|Any CPU
		{3FD630CB-5F60-4F04-B82E-12CFBD57636A}.Debug|x86.Build.0 = Debug|Any CPU
		{3FD630CB-5F60-4F04-B82E-12CFBD57636A}.Release|Any CPU.ActiveCfg = Debug|Any CPU
		{3FD630CB-5F60-4F04-B82E-12CFBD57636A}.Release|Any CPU.Build.0 = Debug|Any CPU
		{3FD630CB-5F60-4F04-B82E-12CFBD57636A}.Release|x64.ActiveCfg = Debug|Any CPU
		{3FD630CB-5F60-4F04-B82E-12CFBD57636A}.Release|x64.Build.0 = Debug|Any CPU
		{3FD630CB-5F60-4F04-B82E-12CFBD57636A}.Release|x86.ActiveCfg = Debug|Any CPU
		{3FD630CB-5F60-4F04-B82E-12CFBD57636A}.Release|x86.Build.0 = Debug|Any CPU
		{3FD630CB-5F60-4F04-B82E-12CFBD57636A}.Tools|Any CPU.ActiveCfg = Tools|Any CPU
		{3FD630CB-5F60-4F04-B82E-12CFBD57636A}.Tools|Any CPU.Build.0 = Tools|Any CPU
		{17E4A418-559C-4055-820A-A8AE3DD89B07}.Debug|Any CPU.ActiveCfg = Debug|Any CPU
		{17E4A418-559C-4055-820A-A8AE3DD89B07}.Debug|Any CPU.Build.0 = Debug|Any CPU
		{17E4A418-559C-4055-820A-A8AE3DD89B07}.Debug|x64.ActiveCfg = Debug|Any CPU
		{17E4A418-559C-4055-820A-A8AE3DD89B07}.Debug|x64.Build.0 = Debug|Any CPU
		{17E4A418-559C-4055-820A-A8AE3DD89B07}.Debug|x86.ActiveCfg = Debug|Any CPU
		{17E4A418-559C-4055-820A-A8AE3DD89B07}.Debug|x86.Build.0 = Debug|Any CPU
		{17E4A418-559C-4055-820A-A8AE3DD89B07}.Release|Any CPU.ActiveCfg = Debug|Any CPU
		{17E4A418-559C-4055-820A-A8AE3DD89B07}.Release|Any CPU.Build.0 = Debug|Any CPU
		{17E4A418-559C-4055-820A-A8AE3DD89B07}.Release|x64.ActiveCfg = Debug|Any CPU
		{17E4A418-559C-4055-820A-A8AE3DD89B07}.Release|x64.Build.0 = Debug|Any CPU
		{17E4A418-559C-4055-820A-A8AE3DD89B07}.Release|x86.ActiveCfg = Debug|Any CPU
		{17E4A418-559C-4055-820A-A8AE3DD89B07}.Release|x86.Build.0 = Debug|Any CPU
		{17E4A418-559C-4055-820A-A8AE3DD89B07}.Tools|Any CPU.ActiveCfg = Tools|Any CPU
		{17E4A418-559C-4055-820A-A8AE3DD89B07}.Tools|Any CPU.Build.0 = Tools|Any CPU
	EndGlobalSection
EndGlobal
