Microsoft Visual Studio Solution File, Format Version 12.00
# Visual Studio 2012
Project("{2150E333-8FDC-42A3-9474-1A3956D46DE8}") = "src", "src", "{5A431052-6E5C-47C4-A6F4-AB2E24F7B688}"
EndProject
Project("{FAE04EC0-301F-11D3-BF4B-00C04F79EFBC}") = "Core", "src\Core\Core.csproj", "{A07D0AE5-183D-4F94-86D5-541B8813D040}"
EndProject
Project("{FAE04EC0-301F-11D3-BF4B-00C04F79EFBC}") = "Plugins", "src\Core\Plugins\Plugins.csproj", "{9A5CFC9B-02C9-4147-94AA-3BE990BFB711}"
EndProject
Global
	GlobalSection(SolutionConfigurationPlatforms) = preSolution
		Debug|Any CPU = Debug|Any CPU
		Release|Any CPU = Release|Any CPU
		Tools|Any CPU = Tools|Any CPU
	EndGlobalSection
	GlobalSection(ProjectConfigurationPlatforms) = postSolution
		{1323C7EA-65BB-47F0-9488-376295EA76D7}.Debug|Any CPU.ActiveCfg = Debug|Any CPU
		{1323C7EA-65BB-47F0-9488-376295EA76D7}.Debug|Any CPU.Build.0 = Debug|Any CPU
		{1323C7EA-65BB-47F0-9488-376295EA76D7}.Release|Any CPU.ActiveCfg = Release|Any CPU
		{1323C7EA-65BB-47F0-9488-376295EA76D7}.Release|Any CPU.Build.0 = Release|Any CPU
		{1323C7EA-65BB-47F0-9488-376295EA76D7}.Tools|Any CPU.ActiveCfg = Tools|Any CPU
		{1323C7EA-65BB-47F0-9488-376295EA76D7}.Tools|Any CPU.Build.0 = Tools|Any CPU
		{A07D0AE5-183D-4F94-86D5-541B8813D040}.Debug|Any CPU.ActiveCfg = Debug|Any CPU
		{A07D0AE5-183D-4F94-86D5-541B8813D040}.Debug|Any CPU.Build.0 = Debug|Any CPU
		{A07D0AE5-183D-4F94-86D5-541B8813D040}.Release|Any CPU.ActiveCfg = Release|Any CPU
		{A07D0AE5-183D-4F94-86D5-541B8813D040}.Release|Any CPU.Build.0 = Release|Any CPU
		{A07D0AE5-183D-4F94-86D5-541B8813D040}.Tools|Any CPU.ActiveCfg = Debug|Any CPU
		{A07D0AE5-183D-4F94-86D5-541B8813D040}.Tools|Any CPU.Build.0 = Debug|Any CPU
		{9A5CFC9B-02C9-4147-94AA-3BE990BFB711}.Debug|Any CPU.ActiveCfg = Debug|Any CPU
		{9A5CFC9B-02C9-4147-94AA-3BE990BFB711}.Debug|Any CPU.Build.0 = Debug|Any CPU
		{9A5CFC9B-02C9-4147-94AA-3BE990BFB711}.Release|Any CPU.ActiveCfg = Release|Any CPU
		{9A5CFC9B-02C9-4147-94AA-3BE990BFB711}.Release|Any CPU.Build.0 = Release|Any CPU
		{9A5CFC9B-02C9-4147-94AA-3BE990BFB711}.Tools|Any CPU.ActiveCfg = Debug|Any CPU
		{9A5CFC9B-02C9-4147-94AA-3BE990BFB711}.Tools|Any CPU.Build.0 = Debug|Any CPU
	EndGlobalSection
	GlobalSection(NestedProjects) = preSolution
		{A07D0AE5-183D-4F94-86D5-541B8813D040} = {5A431052-6E5C-47C4-A6F4-AB2E24F7B688}
		{9A5CFC9B-02C9-4147-94AA-3BE990BFB711} = {A07D0AE5-183D-4F94-86D5-541B8813D040}
	EndGlobalSection
EndGlobal
