Microsoft Visual Studio Solution File, Format Version 12.00
# Visual Studio 2012
Project("{FAE04EC0-301F-11D3-BF4B-00C04F79EFBC}") = "RR_Godot", "RR_Godot.csproj", "{C7C565F8-68D3-459E-8DD4-257D8A0C56CE}"
EndProject
Global
	GlobalSection(SolutionConfigurationPlatforms) = preSolution
	Debug|Any CPU = Debug|Any CPU
	Release|Any CPU = Release|Any CPU
	Tools|Any CPU = Tools|Any CPU
	EndGlobalSection
	GlobalSection(ProjectConfigurationPlatforms) = postSolution
		{C7C565F8-68D3-459E-8DD4-257D8A0C56CE}.Debug|Any CPU.ActiveCfg = Debug|Any CPU
		{C7C565F8-68D3-459E-8DD4-257D8A0C56CE}.Debug|Any CPU.Build.0 = Debug|Any CPU
		{C7C565F8-68D3-459E-8DD4-257D8A0C56CE}.Release|Any CPU.ActiveCfg = Release|Any CPU
		{C7C565F8-68D3-459E-8DD4-257D8A0C56CE}.Release|Any CPU.Build.0 = Release|Any CPU
		{C7C565F8-68D3-459E-8DD4-257D8A0C56CE}.Tools|Any CPU.ActiveCfg = Tools|Any CPU
		{C7C565F8-68D3-459E-8DD4-257D8A0C56CE}.Tools|Any CPU.Build.0 = Tools|Any CPU
	EndGlobalSection
EndGlobal
